
Microsoft Visual Studio Solution File, Format Version 12.00
# Visual Studio Version 17
VisualStudioVersion = 17.9.34723.18
MinimumVisualStudioVersion = 10.0.40219.1
Project("{FAE04EC0-301F-11D3-BF4B-00C04F79EFBC}") = "Pqrs-C#", "Pqrs-C#\Pqrs-C#.csproj", "{E6F25A86-8A67-47C8-BDC1-9F3FC3C9A1D9}"
EndProject
Global
	GlobalSection(SolutionConfigurationPlatforms) = preSolution
		Debug|Any CPU = Debug|Any CPU
		Release|Any CPU = Release|Any CPU
	EndGlobalSection
	GlobalSection(ProjectConfigurationPlatforms) = postSolution
		{E6F25A86-8A67-47C8-BDC1-9F3FC3C9A1D9}.Debug|Any CPU.ActiveCfg = Debug|Any CPU
		{E6F25A86-8A67-47C8-BDC1-9F3FC3C9A1D9}.Debug|Any CPU.Build.0 = Debug|Any CPU
		{E6F25A86-8A67-47C8-BDC1-9F3FC3C9A1D9}.Release|Any CPU.ActiveCfg = Release|Any CPU
		{E6F25A86-8A67-47C8-BDC1-9F3FC3C9A1D9}.Release|Any CPU.Build.0 = Release|Any CPU
	EndGlobalSection
	GlobalSection(SolutionProperties) = preSolution
		HideSolutionNode = FALSE
	EndGlobalSection
	GlobalSection(ExtensibilityGlobals) = postSolution
		SolutionGuid = {0D3ED722-7932-4E1C-9316-E30BEAFEBA2E}
	EndGlobalSection
EndGlobal
